
Microsoft Visual Studio Solution File, Format Version 12.00
# Visual Studio Version 17
VisualStudioVersion = 17.1.32210.238
MinimumVisualStudioVersion = 10.0.40219.1
Project("{FAE04EC0-301F-11D3-BF4B-00C04F79EFBC}") = "ProyectoCulebrita", "ProyectoCulebrita\ProyectoCulebrita.csproj", "{2DA6AE13-8C17-49AE-A5B0-5C1A13C8946D}"
EndProject
Global
	GlobalSection(SolutionConfigurationPlatforms) = preSolution
		Debug|Any CPU = Debug|Any CPU
		Release|Any CPU = Release|Any CPU
	EndGlobalSection
	GlobalSection(ProjectConfigurationPlatforms) = postSolution
		{2DA6AE13-8C17-49AE-A5B0-5C1A13C8946D}.Debug|Any CPU.ActiveCfg = Debug|Any CPU
		{2DA6AE13-8C17-49AE-A5B0-5C1A13C8946D}.Debug|Any CPU.Build.0 = Debug|Any CPU
		{2DA6AE13-8C17-49AE-A5B0-5C1A13C8946D}.Release|Any CPU.ActiveCfg = Release|Any CPU
		{2DA6AE13-8C17-49AE-A5B0-5C1A13C8946D}.Release|Any CPU.Build.0 = Release|Any CPU
	EndGlobalSection
	GlobalSection(SolutionProperties) = preSolution
		HideSolutionNode = FALSE
	EndGlobalSection
	GlobalSection(ExtensibilityGlobals) = postSolution
		SolutionGuid = {2259D5DC-1674-465E-BE6D-717580CF7CC5}
	EndGlobalSection
EndGlobal
